// !$*UTF8*$!
{
	archiveVersion = 1;
	classes = {
	};
	objectVersion = 55;
	objects = {

/* Begin PBXBuildFile section */
		091DA265280EA4FB00904475 /* AppDelegate.m in Sources */ = {isa = PBXBuildFile; fileRef = 091DA264280EA4FB00904475 /* AppDelegate.m */; };
		091DA268280EA4FB00904475 /* SceneDelegate.m in Sources */ = {isa = PBXBuildFile; fileRef = 091DA267280EA4FB00904475 /* SceneDelegate.m */; };
		091DA26B280EA4FB00904475 /* ViewController.m in Sources */ = {isa = PBXBuildFile; fileRef = 091DA26A280EA4FB00904475 /* ViewController.m */; };
		091DA26E280EA4FB00904475 /* Main.storyboard in Resources */ = {isa = PBXBuildFile; fileRef = 091DA26C280EA4FB00904475 /* Main.storyboard */; };
		091DA270280EA50600904475 /* Assets.xcassets in Resources */ = {isa = PBXBuildFile; fileRef = 091DA26F280EA50600904475 /* Assets.xcassets */; };
		091DA273280EA50600904475 /* LaunchScreen.storyboard in Resources */ = {isa = PBXBuildFile; fileRef = 091DA271280EA50600904475 /* LaunchScreen.storyboard */; };
		091DA276280EA50600904475 /* main.m in Sources */ = {isa = PBXBuildFile; fileRef = 091DA275280EA50600904475 /* main.m */; };
		091DA280280EA50700904475 /* HDNetworkDemoTests.m in Sources */ = {isa = PBXBuildFile; fileRef = 091DA27F280EA50700904475 /* HDNetworkDemoTests.m */; };
		091DA28A280EA50800904475 /* HDNetworkDemoUITests.m in Sources */ = {isa = PBXBuildFile; fileRef = 091DA289280EA50800904475 /* HDNetworkDemoUITests.m */; };
		091DA28C280EA50800904475 /* HDNetworkDemoUITestsLaunchTests.m in Sources */ = {isa = PBXBuildFile; fileRef = 091DA28B280EA50800904475 /* HDNetworkDemoUITestsLaunchTests.m */; };
		096C1C2A28A508F000C4DA66 /* DemoParam.m in Sources */ = {isa = PBXBuildFile; fileRef = 096C1C2928A508F000C4DA66 /* DemoParam.m */; };
		096C1C2D28A50BC000C4DA66 /* HDNWPageConfig.m in Sources */ = {isa = PBXBuildFile; fileRef = 096C1C2C28A50BC000C4DA66 /* HDNWPageConfig.m */; };
		09D64D9528178A2F00E1A04C /* HDNWManager.m in Sources */ = {isa = PBXBuildFile; fileRef = 09D64D7F28178A2F00E1A04C /* HDNWManager.m */; };
		09D64D9628178A2F00E1A04C /* HDNWSingle.m in Sources */ = {isa = PBXBuildFile; fileRef = 09D64D8128178A2F00E1A04C /* HDNWSingle.m */; };
		09D64D9728178A2F00E1A04C /* HDNWResultConfig.m in Sources */ = {isa = PBXBuildFile; fileRef = 09D64D8628178A2F00E1A04C /* HDNWResultConfig.m */; };
		09D64D9828178A2F00E1A04C /* HDNWTokenConfig.m in Sources */ = {isa = PBXBuildFile; fileRef = 09D64D8728178A2F00E1A04C /* HDNWTokenConfig.m */; };
		09D64D9928178A2F00E1A04C /* HDNWConfig.m in Sources */ = {isa = PBXBuildFile; fileRef = 09D64D8828178A2F00E1A04C /* HDNWConfig.m */; };
		09D64D9A28178A2F00E1A04C /* HDNWPageParam.m in Sources */ = {isa = PBXBuildFile; fileRef = 09D64D8D28178A2F00E1A04C /* HDNWPageParam.m */; };
		09D64D9B28178A2F00E1A04C /* HDNWPageModel.m in Sources */ = {isa = PBXBuildFile; fileRef = 09D64D8E28178A2F00E1A04C /* HDNWPageModel.m */; };
		09D64D9C28178A2F00E1A04C /* HDNWAPIResult.m in Sources */ = {isa = PBXBuildFile; fileRef = 09D64D9328178A2F00E1A04C /* HDNWAPIResult.m */; };
		9D7772B90DC4B60C59E4E0FC /* Pods_HDNetworkDemo.framework in Frameworks */ = {isa = PBXBuildFile; fileRef = F173E668FF33E68017FA73C6 /* Pods_HDNetworkDemo.framework */; };
/* End PBXBuildFile section */

/* Begin PBXContainerItemProxy section */
		091DA27C280EA50700904475 /* PBXContainerItemProxy */ = {
			isa = PBXContainerItemProxy;
			containerPortal = 091DA258280EA4FB00904475 /* Project object */;
			proxyType = 1;
			remoteGlobalIDString = 091DA25F280EA4FB00904475;
			remoteInfo = HDNetworkDemo;
		};
		091DA286280EA50800904475 /* PBXContainerItemProxy */ = {
			isa = PBXContainerItemProxy;
			containerPortal = 091DA258280EA4FB00904475 /* Project object */;
			proxyType = 1;
			remoteGlobalIDString = 091DA25F280EA4FB00904475;
			remoteInfo = HDNetworkDemo;
		};
/* End PBXContainerItemProxy section */

/* Begin PBXFileReference section */
		091DA260280EA4FB00904475 /* HDNetworkDemo.app */ = {isa = PBXFileReference; explicitFileType = wrapper.application; includeInIndex = 0; path = HDNetworkDemo.app; sourceTree = BUILT_PRODUCTS_DIR; };
		091DA263280EA4FB00904475 /* AppDelegate.h */ = {isa = PBXFileReference; lastKnownFileType = sourcecode.c.h; path = AppDelegate.h; sourceTree = "<group>"; };
		091DA264280EA4FB00904475 /* AppDelegate.m */ = {isa = PBXFileReference; lastKnownFileType = sourcecode.c.objc; path = AppDelegate.m; sourceTree = "<group>"; };
		091DA266280EA4FB00904475 /* SceneDelegate.h */ = {isa = PBXFileReference; lastKnownFileType = sourcecode.c.h; path = SceneDelegate.h; sourceTree = "<group>"; };
		091DA267280EA4FB00904475 /* SceneDelegate.m */ = {isa = PBXFileReference; lastKnownFileType = sourcecode.c.objc; path = SceneDelegate.m; sourceTree = "<group>"; };
		091DA269280EA4FB00904475 /* ViewController.h */ = {isa = PBXFileReference; lastKnownFileType = sourcecode.c.h; path = ViewController.h; sourceTree = "<group>"; };
		091DA26A280EA4FB00904475 /* ViewController.m */ = {isa = PBXFileReference; lastKnownFileType = sourcecode.c.objc; path = ViewController.m; sourceTree = "<group>"; };
		091DA26D280EA4FB00904475 /* Base */ = {isa = PBXFileReference; lastKnownFileType = file.storyboard; name = Base; path = Base.lproj/Main.storyboard; sourceTree = "<group>"; };
		091DA26F280EA50600904475 /* Assets.xcassets */ = {isa = PBXFileReference; lastKnownFileType = folder.assetcatalog; path = Assets.xcassets; sourceTree = "<group>"; };
		091DA272280EA50600904475 /* Base */ = {isa = PBXFileReference; lastKnownFileType = file.storyboard; name = Base; path = Base.lproj/LaunchScreen.storyboard; sourceTree = "<group>"; };
		091DA274280EA50600904475 /* Info.plist */ = {isa = PBXFileReference; lastKnownFileType = text.plist.xml; path = Info.plist; sourceTree = "<group>"; };
		091DA275280EA50600904475 /* main.m */ = {isa = PBXFileReference; lastKnownFileType = sourcecode.c.objc; path = main.m; sourceTree = "<group>"; };
		091DA27B280EA50700904475 /* HDNetworkDemoTests.xctest */ = {isa = PBXFileReference; explicitFileType = wrapper.cfbundle; includeInIndex = 0; path = HDNetworkDemoTests.xctest; sourceTree = BUILT_PRODUCTS_DIR; };
		091DA27F280EA50700904475 /* HDNetworkDemoTests.m */ = {isa = PBXFileReference; lastKnownFileType = sourcecode.c.objc; path = HDNetworkDemoTests.m; sourceTree = "<group>"; };
		091DA285280EA50800904475 /* HDNetworkDemoUITests.xctest */ = {isa = PBXFileReference; explicitFileType = wrapper.cfbundle; includeInIndex = 0; path = HDNetworkDemoUITests.xctest; sourceTree = BUILT_PRODUCTS_DIR; };
		091DA289280EA50800904475 /* HDNetworkDemoUITests.m */ = {isa = PBXFileReference; lastKnownFileType = sourcecode.c.objc; path = HDNetworkDemoUITests.m; sourceTree = "<group>"; };
		091DA28B280EA50800904475 /* HDNetworkDemoUITestsLaunchTests.m */ = {isa = PBXFileReference; lastKnownFileType = sourcecode.c.objc; path = HDNetworkDemoUITestsLaunchTests.m; sourceTree = "<group>"; };
		096C1C2828A508F000C4DA66 /* DemoParam.h */ = {isa = PBXFileReference; lastKnownFileType = sourcecode.c.h; path = DemoParam.h; sourceTree = "<group>"; };
		096C1C2928A508F000C4DA66 /* DemoParam.m */ = {isa = PBXFileReference; lastKnownFileType = sourcecode.c.objc; path = DemoParam.m; sourceTree = "<group>"; };
		096C1C2B28A50BC000C4DA66 /* HDNWPageConfig.h */ = {isa = PBXFileReference; lastKnownFileType = sourcecode.c.h; path = HDNWPageConfig.h; sourceTree = "<group>"; };
		096C1C2C28A50BC000C4DA66 /* HDNWPageConfig.m */ = {isa = PBXFileReference; lastKnownFileType = sourcecode.c.objc; path = HDNWPageConfig.m; sourceTree = "<group>"; };
		09D64D7E28178A2F00E1A04C /* HDNWManager.h */ = {isa = PBXFileReference; fileEncoding = 4; lastKnownFileType = sourcecode.c.h; path = HDNWManager.h; sourceTree = "<group>"; };
		09D64D7F28178A2F00E1A04C /* HDNWManager.m */ = {isa = PBXFileReference; fileEncoding = 4; lastKnownFileType = sourcecode.c.objc; path = HDNWManager.m; sourceTree = "<group>"; };
		09D64D8128178A2F00E1A04C /* HDNWSingle.m */ = {isa = PBXFileReference; fileEncoding = 4; lastKnownFileType = sourcecode.c.objc; path = HDNWSingle.m; sourceTree = "<group>"; };
		09D64D8228178A2F00E1A04C /* HDNWLog.h */ = {isa = PBXFileReference; fileEncoding = 4; lastKnownFileType = sourcecode.c.h; path = HDNWLog.h; sourceTree = "<group>"; };
		09D64D8328178A2F00E1A04C /* HDNWSingle.h */ = {isa = PBXFileReference; fileEncoding = 4; lastKnownFileType = sourcecode.c.h; path = HDNWSingle.h; sourceTree = "<group>"; };
		09D64D8528178A2F00E1A04C /* HDNWConfig.h */ = {isa = PBXFileReference; fileEncoding = 4; lastKnownFileType = sourcecode.c.h; path = HDNWConfig.h; sourceTree = "<group>"; };
		09D64D8628178A2F00E1A04C /* HDNWResultConfig.m */ = {isa = PBXFileReference; fileEncoding = 4; lastKnownFileType = sourcecode.c.objc; path = HDNWResultConfig.m; sourceTree = "<group>"; };
		09D64D8728178A2F00E1A04C /* HDNWTokenConfig.m */ = {isa = PBXFileReference; fileEncoding = 4; lastKnownFileType = sourcecode.c.objc; path = HDNWTokenConfig.m; sourceTree = "<group>"; };
		09D64D8828178A2F00E1A04C /* HDNWConfig.m */ = {isa = PBXFileReference; fileEncoding = 4; lastKnownFileType = sourcecode.c.objc; path = HDNWConfig.m; sourceTree = "<group>"; };
		09D64D8928178A2F00E1A04C /* HDNWResultConfig.h */ = {isa = PBXFileReference; fileEncoding = 4; lastKnownFileType = sourcecode.c.h; path = HDNWResultConfig.h; sourceTree = "<group>"; };
		09D64D8A28178A2F00E1A04C /* HDNWTokenConfig.h */ = {isa = PBXFileReference; fileEncoding = 4; lastKnownFileType = sourcecode.c.h; path = HDNWTokenConfig.h; sourceTree = "<group>"; };
		09D64D8B28178A2F00E1A04C /* HDNetwork.h */ = {isa = PBXFileReference; fileEncoding = 4; lastKnownFileType = sourcecode.c.h; path = HDNetwork.h; sourceTree = "<group>"; };
		09D64D8D28178A2F00E1A04C /* HDNWPageParam.m */ = {isa = PBXFileReference; fileEncoding = 4; lastKnownFileType = sourcecode.c.objc; path = HDNWPageParam.m; sourceTree = "<group>"; };
		09D64D8E28178A2F00E1A04C /* HDNWPageModel.m */ = {isa = PBXFileReference; fileEncoding = 4; lastKnownFileType = sourcecode.c.objc; path = HDNWPageModel.m; sourceTree = "<group>"; };
		09D64D8F28178A2F00E1A04C /* HDNWPageParam.h */ = {isa = PBXFileReference; fileEncoding = 4; lastKnownFileType = sourcecode.c.h; path = HDNWPageParam.h; sourceTree = "<group>"; };
		09D64D9028178A2F00E1A04C /* HDNWPageModel.h */ = {isa = PBXFileReference; fileEncoding = 4; lastKnownFileType = sourcecode.c.h; path = HDNWPageModel.h; sourceTree = "<group>"; };
		09D64D9228178A2F00E1A04C /* HDNWAPIResult.h */ = {isa = PBXFileReference; fileEncoding = 4; lastKnownFileType = sourcecode.c.h; path = HDNWAPIResult.h; sourceTree = "<group>"; };
		09D64D9328178A2F00E1A04C /* HDNWAPIResult.m */ = {isa = PBXFileReference; fileEncoding = 4; lastKnownFileType = sourcecode.c.objc; path = HDNWAPIResult.m; sourceTree = "<group>"; };
		7764A8E7EB458CBB23DE2284 /* Pods-HDNetworkDemo.release.xcconfig */ = {isa = PBXFileReference; includeInIndex = 1; lastKnownFileType = text.xcconfig; name = "Pods-HDNetworkDemo.release.xcconfig"; path = "Target Support Files/Pods-HDNetworkDemo/Pods-HDNetworkDemo.release.xcconfig"; sourceTree = "<group>"; };
		EE060681FC287E962C956057 /* Pods-HDNetworkDemo.debug.xcconfig */ = {isa = PBXFileReference; includeInIndex = 1; lastKnownFileType = text.xcconfig; name = "Pods-HDNetworkDemo.debug.xcconfig"; path = "Target Support Files/Pods-HDNetworkDemo/Pods-HDNetworkDemo.debug.xcconfig"; sourceTree = "<group>"; };
		F173E668FF33E68017FA73C6 /* Pods_HDNetworkDemo.framework */ = {isa = PBXFileReference; explicitFileType = wrapper.framework; includeInIndex = 0; path = Pods_HDNetworkDemo.framework; sourceTree = BUILT_PRODUCTS_DIR; };
/* End PBXFileReference section */

/* Begin PBXFrameworksBuildPhase section */
		091DA25D280EA4FB00904475 /* Frameworks */ = {
			isa = PBXFrameworksBuildPhase;
			buildActionMask = 2147483647;
			files = (
				9D7772B90DC4B60C59E4E0FC /* Pods_HDNetworkDemo.framework in Frameworks */,
			);
			runOnlyForDeploymentPostprocessing = 0;
		};
		091DA278280EA50700904475 /* Frameworks */ = {
			isa = PBXFrameworksBuildPhase;
			buildActionMask = 2147483647;
			files = (
			);
			runOnlyForDeploymentPostprocessing = 0;
		};
		091DA282280EA50800904475 /* Frameworks */ = {
			isa = PBXFrameworksBuildPhase;
			buildActionMask = 2147483647;
			files = (
			);
			runOnlyForDeploymentPostprocessing = 0;
		};
/* End PBXFrameworksBuildPhase section */

/* Begin PBXGroup section */
		091DA257280EA4FB00904475 = {
			isa = PBXGroup;
			children = (
				09D64D7C28178A2F00E1A04C /* HDNetwork */,
				091DA262280EA4FB00904475 /* HDNetworkDemo */,
				091DA27E280EA50700904475 /* HDNetworkDemoTests */,
				091DA288280EA50800904475 /* HDNetworkDemoUITests */,
				091DA261280EA4FB00904475 /* Products */,
				87A6D732248591ABC2683A62 /* Pods */,
				DF1E25D5278B8248B1B303B8 /* Frameworks */,
			);
			sourceTree = "<group>";
		};
		091DA261280EA4FB00904475 /* Products */ = {
			isa = PBXGroup;
			children = (
				091DA260280EA4FB00904475 /* HDNetworkDemo.app */,
				091DA27B280EA50700904475 /* HDNetworkDemoTests.xctest */,
				091DA285280EA50800904475 /* HDNetworkDemoUITests.xctest */,
			);
			name = Products;
			sourceTree = "<group>";
		};
		091DA262280EA4FB00904475 /* HDNetworkDemo */ = {
			isa = PBXGroup;
			children = (
				091DA263280EA4FB00904475 /* AppDelegate.h */,
				091DA264280EA4FB00904475 /* AppDelegate.m */,
				091DA266280EA4FB00904475 /* SceneDelegate.h */,
				091DA267280EA4FB00904475 /* SceneDelegate.m */,
				091DA269280EA4FB00904475 /* ViewController.h */,
				091DA26A280EA4FB00904475 /* ViewController.m */,
				096C1C2828A508F000C4DA66 /* DemoParam.h */,
				096C1C2928A508F000C4DA66 /* DemoParam.m */,
				091DA26C280EA4FB00904475 /* Main.storyboard */,
				091DA26F280EA50600904475 /* Assets.xcassets */,
				091DA271280EA50600904475 /* LaunchScreen.storyboard */,
				091DA274280EA50600904475 /* Info.plist */,
				091DA275280EA50600904475 /* main.m */,
			);
			path = HDNetworkDemo;
			sourceTree = "<group>";
		};
		091DA27E280EA50700904475 /* HDNetworkDemoTests */ = {
			isa = PBXGroup;
			children = (
				091DA27F280EA50700904475 /* HDNetworkDemoTests.m */,
			);
			path = HDNetworkDemoTests;
			sourceTree = "<group>";
		};
		091DA288280EA50800904475 /* HDNetworkDemoUITests */ = {
			isa = PBXGroup;
			children = (
				091DA289280EA50800904475 /* HDNetworkDemoUITests.m */,
				091DA28B280EA50800904475 /* HDNetworkDemoUITestsLaunchTests.m */,
			);
			path = HDNetworkDemoUITests;
			sourceTree = "<group>";
		};
		09D64D7C28178A2F00E1A04C /* HDNetwork */ = {
			isa = PBXGroup;
			children = (
				09D64D7D28178A2F00E1A04C /* HDNWRequest */,
				09D64D8028178A2F00E1A04C /* HDNWCore */,
				09D64D8428178A2F00E1A04C /* HDNWConfig */,
				09D64D8B28178A2F00E1A04C /* HDNetwork.h */,
				09D64D8C28178A2F00E1A04C /* HDNWParam */,
				09D64D9128178A2F00E1A04C /* HDNWAPIResult */,
			);
			path = HDNetwork;
			sourceTree = "<group>";
		};
		09D64D7D28178A2F00E1A04C /* HDNWRequest */ = {
			isa = PBXGroup;
			children = (
				09D64D7E28178A2F00E1A04C /* HDNWManager.h */,
				09D64D7F28178A2F00E1A04C /* HDNWManager.m */,
			);
			path = HDNWRequest;
			sourceTree = "<group>";
		};
		09D64D8028178A2F00E1A04C /* HDNWCore */ = {
			isa = PBXGroup;
			children = (
				09D64D8128178A2F00E1A04C /* HDNWSingle.m */,
				09D64D8228178A2F00E1A04C /* HDNWLog.h */,
				09D64D8328178A2F00E1A04C /* HDNWSingle.h */,
			);
			path = HDNWCore;
			sourceTree = "<group>";
		};
		09D64D8428178A2F00E1A04C /* HDNWConfig */ = {
			isa = PBXGroup;
			children = (
				09D64D8528178A2F00E1A04C /* HDNWConfig.h */,
				09D64D8828178A2F00E1A04C /* HDNWConfig.m */,
				09D64D8928178A2F00E1A04C /* HDNWResultConfig.h */,
				09D64D8628178A2F00E1A04C /* HDNWResultConfig.m */,
				09D64D8A28178A2F00E1A04C /* HDNWTokenConfig.h */,
				09D64D8728178A2F00E1A04C /* HDNWTokenConfig.m */,
				096C1C2B28A50BC000C4DA66 /* HDNWPageConfig.h */,
				096C1C2C28A50BC000C4DA66 /* HDNWPageConfig.m */,
			);
			path = HDNWConfig;
			sourceTree = "<group>";
		};
		09D64D8C28178A2F00E1A04C /* HDNWParam */ = {
			isa = PBXGroup;
			children = (
				09D64D8D28178A2F00E1A04C /* HDNWPageParam.m */,
				09D64D8E28178A2F00E1A04C /* HDNWPageModel.m */,
				09D64D8F28178A2F00E1A04C /* HDNWPageParam.h */,
				09D64D9028178A2F00E1A04C /* HDNWPageModel.h */,
			);
			path = HDNWParam;
			sourceTree = "<group>";
		};
		09D64D9128178A2F00E1A04C /* HDNWAPIResult */ = {
			isa = PBXGroup;
			children = (
				09D64D9228178A2F00E1A04C /* HDNWAPIResult.h */,
				09D64D9328178A2F00E1A04C /* HDNWAPIResult.m */,
			);
			path = HDNWAPIResult;
			sourceTree = "<group>";
		};
		87A6D732248591ABC2683A62 /* Pods */ = {
			isa = PBXGroup;
			children = (
				EE060681FC287E962C956057 /* Pods-HDNetworkDemo.debug.xcconfig */,
				7764A8E7EB458CBB23DE2284 /* Pods-HDNetworkDemo.release.xcconfig */,
			);
			path = Pods;
			sourceTree = "<group>";
		};
		DF1E25D5278B8248B1B303B8 /* Frameworks */ = {
			isa = PBXGroup;
			children = (
				F173E668FF33E68017FA73C6 /* Pods_HDNetworkDemo.framework */,
			);
			name = Frameworks;
			sourceTree = "<group>";
		};
/* End PBXGroup section */

/* Begin PBXNativeTarget section */
		091DA25F280EA4FB00904475 /* HDNetworkDemo */ = {
			isa = PBXNativeTarget;
			buildConfigurationList = 091DA28F280EA50800904475 /* Build configuration list for PBXNativeTarget "HDNetworkDemo" */;
			buildPhases = (
				9E7D6CB93B88AAD01D0589C3 /* [CP] Check Pods Manifest.lock */,
				091DA25C280EA4FB00904475 /* Sources */,
				091DA25D280EA4FB00904475 /* Frameworks */,
				091DA25E280EA4FB00904475 /* Resources */,
				FA9BF5E1A1B9A620E3ECE905 /* [CP] Embed Pods Frameworks */,
			);
			buildRules = (
			);
			dependencies = (
			);
			name = HDNetworkDemo;
			productName = HDNetworkDemo;
			productReference = 091DA260280EA4FB00904475 /* HDNetworkDemo.app */;
			productType = "com.apple.product-type.application";
		};
		091DA27A280EA50700904475 /* HDNetworkDemoTests */ = {
			isa = PBXNativeTarget;
			buildConfigurationList = 091DA292280EA50800904475 /* Build configuration list for PBXNativeTarget "HDNetworkDemoTests" */;
			buildPhases = (
				091DA277280EA50700904475 /* Sources */,
				091DA278280EA50700904475 /* Frameworks */,
				091DA279280EA50700904475 /* Resources */,
			);
			buildRules = (
			);
			dependencies = (
				091DA27D280EA50700904475 /* PBXTargetDependency */,
			);
			name = HDNetworkDemoTests;
			productName = HDNetworkDemoTests;
			productReference = 091DA27B280EA50700904475 /* HDNetworkDemoTests.xctest */;
			productType = "com.apple.product-type.bundle.unit-test";
		};
		091DA284280EA50800904475 /* HDNetworkDemoUITests */ = {
			isa = PBXNativeTarget;
			buildConfigurationList = 091DA295280EA50800904475 /* Build configuration list for PBXNativeTarget "HDNetworkDemoUITests" */;
			buildPhases = (
				091DA281280EA50800904475 /* Sources */,
				091DA282280EA50800904475 /* Frameworks */,
				091DA283280EA50800904475 /* Resources */,
			);
			buildRules = (
			);
			dependencies = (
				091DA287280EA50800904475 /* PBXTargetDependency */,
			);
			name = HDNetworkDemoUITests;
			productName = HDNetworkDemoUITests;
			productReference = 091DA285280EA50800904475 /* HDNetworkDemoUITests.xctest */;
			productType = "com.apple.product-type.bundle.ui-testing";
		};
/* End PBXNativeTarget section */

/* Begin PBXProject section */
		091DA258280EA4FB00904475 /* Project object */ = {
			isa = PBXProject;
			attributes = {
				BuildIndependentTargetsInParallel = 1;
				LastUpgradeCheck = 1330;
				TargetAttributes = {
					091DA25F280EA4FB00904475 = {
						CreatedOnToolsVersion = 13.3;
					};
					091DA27A280EA50700904475 = {
						CreatedOnToolsVersion = 13.3;
						TestTargetID = 091DA25F280EA4FB00904475;
					};
					091DA284280EA50800904475 = {
						CreatedOnToolsVersion = 13.3;
						TestTargetID = 091DA25F280EA4FB00904475;
					};
				};
			};
			buildConfigurationList = 091DA25B280EA4FB00904475 /* Build configuration list for PBXProject "HDNetworkDemo" */;
			compatibilityVersion = "Xcode 13.0";
			developmentRegion = en;
			hasScannedForEncodings = 0;
			knownRegions = (
				en,
				Base,
			);
			mainGroup = 091DA257280EA4FB00904475;
			productRefGroup = 091DA261280EA4FB00904475 /* Products */;
			projectDirPath = "";
			projectRoot = "";
			targets = (
				091DA25F280EA4FB00904475 /* HDNetworkDemo */,
				091DA27A280EA50700904475 /* HDNetworkDemoTests */,
				091DA284280EA50800904475 /* HDNetworkDemoUITests */,
			);
		};
/* End PBXProject section */

/* Begin PBXResourcesBuildPhase section */
		091DA25E280EA4FB00904475 /* Resources */ = {
			isa = PBXResourcesBuildPhase;
			buildActionMask = 2147483647;
			files = (
				091DA273280EA50600904475 /* LaunchScreen.storyboard in Resources */,
				091DA270280EA50600904475 /* Assets.xcassets in Resources */,
				091DA26E280EA4FB00904475 /* Main.storyboard in Resources */,
			);
			runOnlyForDeploymentPostprocessing = 0;
		};
		091DA279280EA50700904475 /* Resources */ = {
			isa = PBXResourcesBuildPhase;
			buildActionMask = 2147483647;
			files = (
			);
			runOnlyForDeploymentPostprocessing = 0;
		};
		091DA283280EA50800904475 /* Resources */ = {
			isa = PBXResourcesBuildPhase;
			buildActionMask = 2147483647;
			files = (
			);
			runOnlyForDeploymentPostprocessing = 0;
		};
/* End PBXResourcesBuildPhase section */

/* Begin PBXShellScriptBuildPhase section */
		9E7D6CB93B88AAD01D0589C3 /* [CP] Check Pods Manifest.lock */ = {
			isa = PBXShellScriptBuildPhase;
			buildActionMask = 2147483647;
			files = (
			);
			inputFileListPaths = (
			);
			inputPaths = (
				"${PODS_PODFILE_DIR_PATH}/Podfile.lock",
				"${PODS_ROOT}/Manifest.lock",
			);
			name = "[CP] Check Pods Manifest.lock";
			outputFileListPaths = (
			);
			outputPaths = (
				"$(DERIVED_FILE_DIR)/Pods-HDNetworkDemo-checkManifestLockResult.txt",
			);
			runOnlyForDeploymentPostprocessing = 0;
			shellPath = /bin/sh;
			shellScript = "diff \"${PODS_PODFILE_DIR_PATH}/Podfile.lock\" \"${PODS_ROOT}/Manifest.lock\" > /dev/null\nif [ $? != 0 ] ; then\n    # print error to STDERR\n    echo \"error: The sandbox is not in sync with the Podfile.lock. Run 'pod install' or update your CocoaPods installation.\" >&2\n    exit 1\nfi\n# This output is used by Xcode 'outputs' to avoid re-running this script phase.\necho \"SUCCESS\" > \"${SCRIPT_OUTPUT_FILE_0}\"\n";
			showEnvVarsInLog = 0;
		};
		FA9BF5E1A1B9A620E3ECE905 /* [CP] Embed Pods Frameworks */ = {
			isa = PBXShellScriptBuildPhase;
			buildActionMask = 2147483647;
			files = (
			);
			inputFileListPaths = (
				"${PODS_ROOT}/Target Support Files/Pods-HDNetworkDemo/Pods-HDNetworkDemo-frameworks-${CONFIGURATION}-input-files.xcfilelist",
			);
			name = "[CP] Embed Pods Frameworks";
			outputFileListPaths = (
				"${PODS_ROOT}/Target Support Files/Pods-HDNetworkDemo/Pods-HDNetworkDemo-frameworks-${CONFIGURATION}-output-files.xcfilelist",
			);
			runOnlyForDeploymentPostprocessing = 0;
			shellPath = /bin/sh;
			shellScript = "\"${PODS_ROOT}/Target Support Files/Pods-HDNetworkDemo/Pods-HDNetworkDemo-frameworks.sh\"\n";
			showEnvVarsInLog = 0;
		};
/* End PBXShellScriptBuildPhase section */

/* Begin PBXSourcesBuildPhase section */
		091DA25C280EA4FB00904475 /* Sources */ = {
			isa = PBXSourcesBuildPhase;
			buildActionMask = 2147483647;
			files = (
				09D64D9C28178A2F00E1A04C /* HDNWAPIResult.m in Sources */,
				09D64D9B28178A2F00E1A04C /* HDNWPageModel.m in Sources */,
				096C1C2A28A508F000C4DA66 /* DemoParam.m in Sources */,
				091DA26B280EA4FB00904475 /* ViewController.m in Sources */,
				09D64D9528178A2F00E1A04C /* HDNWManager.m in Sources */,
				09D64D9628178A2F00E1A04C /* HDNWSingle.m in Sources */,
				091DA265280EA4FB00904475 /* AppDelegate.m in Sources */,
				09D64D9828178A2F00E1A04C /* HDNWTokenConfig.m in Sources */,
				09D64D9928178A2F00E1A04C /* HDNWConfig.m in Sources */,
				096C1C2D28A50BC000C4DA66 /* HDNWPageConfig.m in Sources */,
				09D64D9728178A2F00E1A04C /* HDNWResultConfig.m in Sources */,
				091DA276280EA50600904475 /* main.m in Sources */,
				091DA268280EA4FB00904475 /* SceneDelegate.m in Sources */,
				09D64D9A28178A2F00E1A04C /* HDNWPageParam.m in Sources */,
			);
			runOnlyForDeploymentPostprocessing = 0;
		};
		091DA277280EA50700904475 /* Sources */ = {
			isa = PBXSourcesBuildPhase;
			buildActionMask = 2147483647;
			files = (
				091DA280280EA50700904475 /* HDNetworkDemoTests.m in Sources */,
			);
			runOnlyForDeploymentPostprocessing = 0;
		};
		091DA281280EA50800904475 /* Sources */ = {
			isa = PBXSourcesBuildPhase;
			buildActionMask = 2147483647;
			files = (
				091DA28C280EA50800904475 /* HDNetworkDemoUITestsLaunchTests.m in Sources */,
				091DA28A280EA50800904475 /* HDNetworkDemoUITests.m in Sources */,
			);
			runOnlyForDeploymentPostprocessing = 0;
		};
/* End PBXSourcesBuildPhase section */

/* Begin PBXTargetDependency section */
		091DA27D280EA50700904475 /* PBXTargetDependency */ = {
			isa = PBXTargetDependency;
			target = 091DA25F280EA4FB00904475 /* HDNetworkDemo */;
			targetProxy = 091DA27C280EA50700904475 /* PBXContainerItemProxy */;
		};
		091DA287280EA50800904475 /* PBXTargetDependency */ = {
			isa = PBXTargetDependency;
			target = 091DA25F280EA4FB00904475 /* HDNetworkDemo */;
			targetProxy = 091DA286280EA50800904475 /* PBXContainerItemProxy */;
		};
/* End PBXTargetDependency section */

/* Begin PBXVariantGroup section */
		091DA26C280EA4FB00904475 /* Main.storyboard */ = {
			isa = PBXVariantGroup;
			children = (
				091DA26D280EA4FB00904475 /* Base */,
			);
			name = Main.storyboard;
			sourceTree = "<group>";
		};
		091DA271280EA50600904475 /* LaunchScreen.storyboard */ = {
			isa = PBXVariantGroup;
			children = (
				091DA272280EA50600904475 /* Base */,
			);
			name = LaunchScreen.storyboard;
			sourceTree = "<group>";
		};
/* End PBXVariantGroup section */

/* Begin XCBuildConfiguration section */
		091DA28D280EA50800904475 /* Debug */ = {
			isa = XCBuildConfiguration;
			buildSettings = {
				ALWAYS_SEARCH_USER_PATHS = NO;
				CLANG_ANALYZER_NONNULL = YES;
				CLANG_ANALYZER_NUMBER_OBJECT_CONVERSION = YES_AGGRESSIVE;
				CLANG_CXX_LANGUAGE_STANDARD = "gnu++17";
				CLANG_ENABLE_MODULES = YES;
				CLANG_ENABLE_OBJC_ARC = YES;
				CLANG_ENABLE_OBJC_WEAK = YES;
				CLANG_WARN_BLOCK_CAPTURE_AUTORELEASING = YES;
				CLANG_WARN_BOOL_CONVERSION = YES;
				CLANG_WARN_COMMA = YES;
				CLANG_WARN_CONSTANT_CONVERSION = YES;
				CLANG_WARN_DEPRECATED_OBJC_IMPLEMENTATIONS = YES;
				CLANG_WARN_DIRECT_OBJC_ISA_USAGE = YES_ERROR;
				CLANG_WARN_DOCUMENTATION_COMMENTS = YES;
				CLANG_WARN_EMPTY_BODY = YES;
				CLANG_WARN_ENUM_CONVERSION = YES;
				CLANG_WARN_INFINITE_RECURSION = YES;
				CLANG_WARN_INT_CONVERSION = YES;
				CLANG_WARN_NON_LITERAL_NULL_CONVERSION = YES;
				CLANG_WARN_OBJC_IMPLICIT_RETAIN_SELF = YES;
				CLANG_WARN_OBJC_LITERAL_CONVERSION = YES;
				CLANG_WARN_OBJC_ROOT_CLASS = YES_ERROR;
				CLANG_WARN_QUOTED_INCLUDE_IN_FRAMEWORK_HEADER = YES;
				CLANG_WARN_RANGE_LOOP_ANALYSIS = YES;
				CLANG_WARN_STRICT_PROTOTYPES = YES;
				CLANG_WARN_SUSPICIOUS_MOVE = YES;
				CLANG_WARN_UNGUARDED_AVAILABILITY = YES_AGGRESSIVE;
				CLANG_WARN_UNREACHABLE_CODE = YES;
				CLANG_WARN__DUPLICATE_METHOD_MATCH = YES;
				COPY_PHASE_STRIP = NO;
				DEBUG_INFORMATION_FORMAT = dwarf;
				ENABLE_STRICT_OBJC_MSGSEND = YES;
				ENABLE_TESTABILITY = YES;
				GCC_C_LANGUAGE_STANDARD = gnu11;
				GCC_DYNAMIC_NO_PIC = NO;
				GCC_NO_COMMON_BLOCKS = YES;
				GCC_OPTIMIZATION_LEVEL = 0;
				GCC_PREPROCESSOR_DEFINITIONS = (
					"DEBUG=1",
					"$(inherited)",
				);
				GCC_WARN_64_TO_32_BIT_CONVERSION = YES;
				GCC_WARN_ABOUT_RETURN_TYPE = YES_ERROR;
				GCC_WARN_UNDECLARED_SELECTOR = YES;
				GCC_WARN_UNINITIALIZED_AUTOS = YES_AGGRESSIVE;
				GCC_WARN_UNUSED_FUNCTION = YES;
				GCC_WARN_UNUSED_VARIABLE = YES;
				IPHONEOS_DEPLOYMENT_TARGET = 13.0;
				MTL_ENABLE_DEBUG_INFO = INCLUDE_SOURCE;
				MTL_FAST_MATH = YES;
				ONLY_ACTIVE_ARCH = YES;
				SDKROOT = iphoneos;
			};
			name = Debug;
		};
		091DA28E280EA50800904475 /* Release */ = {
			isa = XCBuildConfiguration;
			buildSettings = {
				ALWAYS_SEARCH_USER_PATHS = NO;
				CLANG_ANALYZER_NONNULL = YES;
				CLANG_ANALYZER_NUMBER_OBJECT_CONVERSION = YES_AGGRESSIVE;
				CLANG_CXX_LANGUAGE_STANDARD = "gnu++17";
				CLANG_ENABLE_MODULES = YES;
				CLANG_ENABLE_OBJC_ARC = YES;
				CLANG_ENABLE_OBJC_WEAK = YES;
				CLANG_WARN_BLOCK_CAPTURE_AUTORELEASING = YES;
				CLANG_WARN_BOOL_CONVERSION = YES;
				CLANG_WARN_COMMA = YES;
				CLANG_WARN_CONSTANT_CONVERSION = YES;
				CLANG_WARN_DEPRECATED_OBJC_IMPLEMENTATIONS = YES;
				CLANG_WARN_DIRECT_OBJC_ISA_USAGE = YES_ERROR;
				CLANG_WARN_DOCUMENTATION_COMMENTS = YES;
				CLANG_WARN_EMPTY_BODY = YES;
				CLANG_WARN_ENUM_CONVERSION = YES;
				CLANG_WARN_INFINITE_RECURSION = YES;
				CLANG_WARN_INT_CONVERSION = YES;
				CLANG_WARN_NON_LITERAL_NULL_CONVERSION = YES;
				CLANG_WARN_OBJC_IMPLICIT_RETAIN_SELF = YES;
				CLANG_WARN_OBJC_LITERAL_CONVERSION = YES;
				CLANG_WARN_OBJC_ROOT_CLASS = YES_ERROR;
				CLANG_WARN_QUOTED_INCLUDE_IN_FRAMEWORK_HEADER = YES;
				CLANG_WARN_RANGE_LOOP_ANALYSIS = YES;
				CLANG_WARN_STRICT_PROTOTYPES = YES;
				CLANG_WARN_SUSPICIOUS_MOVE = YES;
				CLANG_WARN_UNGUARDED_AVAILABILITY = YES_AGGRESSIVE;
				CLANG_WARN_UNREACHABLE_CODE = YES;
				CLANG_WARN__DUPLICATE_METHOD_MATCH = YES;
				COPY_PHASE_STRIP = NO;
				DEBUG_INFORMATION_FORMAT = "dwarf-with-dsym";
				ENABLE_NS_ASSERTIONS = NO;
				ENABLE_STRICT_OBJC_MSGSEND = YES;
				GCC_C_LANGUAGE_STANDARD = gnu11;
				GCC_NO_COMMON_BLOCKS = YES;
				GCC_WARN_64_TO_32_BIT_CONVERSION = YES;
				GCC_WARN_ABOUT_RETURN_TYPE = YES_ERROR;
				GCC_WARN_UNDECLARED_SELECTOR = YES;
				GCC_WARN_UNINITIALIZED_AUTOS = YES_AGGRESSIVE;
				GCC_WARN_UNUSED_FUNCTION = YES;
				GCC_WARN_UNUSED_VARIABLE = YES;
				IPHONEOS_DEPLOYMENT_TARGET = 13.0;
				MTL_ENABLE_DEBUG_INFO = NO;
				MTL_FAST_MATH = YES;
				SDKROOT = iphoneos;
				VALIDATE_PRODUCT = YES;
			};
			name = Release;
		};
		091DA290280EA50800904475 /* Debug */ = {
			isa = XCBuildConfiguration;
			baseConfigurationReference = EE060681FC287E962C956057 /* Pods-HDNetworkDemo.debug.xcconfig */;
			buildSettings = {
				ASSETCATALOG_COMPILER_APPICON_NAME = AppIcon;
				ASSETCATALOG_COMPILER_GLOBAL_ACCENT_COLOR_NAME = AccentColor;
				CODE_SIGN_STYLE = Automatic;
				CURRENT_PROJECT_VERSION = 1;
				DEVELOPMENT_TEAM = C4RVL4P987;
				GENERATE_INFOPLIST_FILE = YES;
				INFOPLIST_FILE = HDNetworkDemo/Info.plist;
				INFOPLIST_KEY_UIApplicationSupportsIndirectInputEvents = YES;
				INFOPLIST_KEY_UILaunchStoryboardName = LaunchScreen;
				INFOPLIST_KEY_UIMainStoryboardFile = Main;
				INFOPLIST_KEY_UISupportedInterfaceOrientations_iPad = "UIInterfaceOrientationPortrait UIInterfaceOrientationPortraitUpsideDown UIInterfaceOrientationLandscapeLeft UIInterfaceOrientationLandscapeRight";
				INFOPLIST_KEY_UISupportedInterfaceOrientations_iPhone = "UIInterfaceOrientationPortrait UIInterfaceOrientationLandscapeLeft UIInterfaceOrientationLandscapeRight";
				IPHONEOS_DEPLOYMENT_TARGET = 13.0;
				LD_RUNPATH_SEARCH_PATHS = (
					"$(inherited)",
					"@executable_path/Frameworks",
				);
				MARKETING_VERSION = 1.0;
				PRODUCT_BUNDLE_IDENTIFIER = com.zhang.face;
				PRODUCT_NAME = "$(TARGET_NAME)";
				SWIFT_EMIT_LOC_STRINGS = YES;
				TARGETED_DEVICE_FAMILY = "1,2";
			};
			name = Debug;
		};
		091DA291280EA50800904475 /* Release */ = {
			isa = XCBuildConfiguration;
			baseConfigurationReference = 7764A8E7EB458CBB23DE2284 /* Pods-HDNetworkDemo.release.xcconfig */;
			buildSettings = {
				ASSETCATALOG_COMPILER_APPICON_NAME = AppIcon;
				ASSETCATALOG_COMPILER_GLOBAL_ACCENT_COLOR_NAME = AccentColor;
				CODE_SIGN_STYLE = Automatic;
				CURRENT_PROJECT_VERSION = 1;
				DEVELOPMENT_TEAM = C4RVL4P987;
				GENERATE_INFOPLIST_FILE = YES;
				INFOPLIST_FILE = HDNetworkDemo/Info.plist;
				INFOPLIST_KEY_UIApplicationSupportsIndirectInputEvents = YES;
				INFOPLIST_KEY_UILaunchStoryboardName = LaunchScreen;
				INFOPLIST_KEY_UIMainStoryboardFile = Main;
				INFOPLIST_KEY_UISupportedInterfaceOrientations_iPad = "UIInterfaceOrientationPortrait UIInterfaceOrientationPortraitUpsideDown UIInterfaceOrientationLandscapeLeft UIInterfaceOrientationLandscapeRight";
				INFOPLIST_KEY_UISupportedInterfaceOrientations_iPhone = "UIInterfaceOrientationPortrait UIInterfaceOrientationLandscapeLeft UIInterfaceOrientationLandscapeRight";
				IPHONEOS_DEPLOYMENT_TARGET = 13.0;
				LD_RUNPATH_SEARCH_PATHS = (
					"$(inherited)",
					"@executable_path/Frameworks",
				);
				MARKETING_VERSION = 1.0;
				PRODUCT_BUNDLE_IDENTIFIER = com.zhang.face;
				PRODUCT_NAME = "$(TARGET_NAME)";
				SWIFT_EMIT_LOC_STRINGS = YES;
				TARGETED_DEVICE_FAMILY = "1,2";
			};
			name = Release;
		};
		091DA293280EA50800904475 /* Debug */ = {
			isa = XCBuildConfiguration;
			buildSettings = {
				BUNDLE_LOADER = "$(TEST_HOST)";
				CODE_SIGN_STYLE = Automatic;
				CURRENT_PROJECT_VERSION = 1;
				GENERATE_INFOPLIST_FILE = YES;
				IPHONEOS_DEPLOYMENT_TARGET = 15.4;
				MARKETING_VERSION = 1.0;
				PRODUCT_BUNDLE_IDENTIFIER = com.zhangdadi.HDNetworkDemoTests;
				PRODUCT_NAME = "$(TARGET_NAME)";
				SWIFT_EMIT_LOC_STRINGS = NO;
				TARGETED_DEVICE_FAMILY = "1,2";
				TEST_HOST = "$(BUILT_PRODUCTS_DIR)/HDNetworkDemo.app/HDNetworkDemo";
			};
			name = Debug;
		};
		091DA294280EA50800904475 /* Release */ = {
			isa = XCBuildConfiguration;
			buildSettings = {
				BUNDLE_LOADER = "$(TEST_HOST)";
				CODE_SIGN_STYLE = Automatic;
				CURRENT_PROJECT_VERSION = 1;
				GENERATE_INFOPLIST_FILE = YES;
				IPHONEOS_DEPLOYMENT_TARGET = 15.4;
				MARKETING_VERSION = 1.0;
				PRODUCT_BUNDLE_IDENTIFIER = com.zhangdadi.HDNetworkDemoTests;
				PRODUCT_NAME = "$(TARGET_NAME)";
				SWIFT_EMIT_LOC_STRINGS = NO;
				TARGETED_DEVICE_FAMILY = "1,2";
				TEST_HOST = "$(BUILT_PRODUCTS_DIR)/HDNetworkDemo.app/HDNetworkDemo";
			};
			name = Release;
		};
		091DA296280EA50800904475 /* Debug */ = {
			isa = XCBuildConfiguration;
			buildSettings = {
				CODE_SIGN_STYLE = Automatic;
				CURRENT_PROJECT_VERSION = 1;
				GENERATE_INFOPLIST_FILE = YES;
				MARKETING_VERSION = 1.0;
				PRODUCT_BUNDLE_IDENTIFIER = com.zhangdadi.HDNetworkDemoUITests;
				PRODUCT_NAME = "$(TARGET_NAME)";
				SWIFT_EMIT_LOC_STRINGS = NO;
				TARGETED_DEVICE_FAMILY = "1,2";
				TEST_TARGET_NAME = HDNetworkDemo;
			};
			name = Debug;
		};
		091DA297280EA50800904475 /* Release */ = {
			isa = XCBuildConfiguration;
			buildSettings = {
				CODE_SIGN_STYLE = Automatic;
				CURRENT_PROJECT_VERSION = 1;
				GENERATE_INFOPLIST_FILE = YES;
				MARKETING_VERSION = 1.0;
				PRODUCT_BUNDLE_IDENTIFIER = com.zhangdadi.HDNetworkDemoUITests;
				PRODUCT_NAME = "$(TARGET_NAME)";
				SWIFT_EMIT_LOC_STRINGS = NO;
				TARGETED_DEVICE_FAMILY = "1,2";
				TEST_TARGET_NAME = HDNetworkDemo;
			};
			name = Release;
		};
/* End XCBuildConfiguration section */

/* Begin XCConfigurationList section */
		091DA25B280EA4FB00904475 /* Build configuration list for PBXProject "HDNetworkDemo" */ = {
			isa = XCConfigurationList;
			buildConfigurations = (
				091DA28D280EA50800904475 /* Debug */,
				091DA28E280EA50800904475 /* Release */,
			);
			defaultConfigurationIsVisible = 0;
			defaultConfigurationName = Release;
		};
		091DA28F280EA50800904475 /* Build configuration list for PBXNativeTarget "HDNetworkDemo" */ = {
			isa = XCConfigurationList;
			buildConfigurations = (
				091DA290280EA50800904475 /* Debug */,
				091DA291280EA50800904475 /* Release */,
			);
			defaultConfigurationIsVisible = 0;
			defaultConfigurationName = Release;
		};
		091DA292280EA50800904475 /* Build configuration list for PBXNativeTarget "HDNetworkDemoTests" */ = {
			isa = XCConfigurationList;
			buildConfigurations = (
				091DA293280EA50800904475 /* Debug */,
				091DA294280EA50800904475 /* Release */,
			);
			defaultConfigurationIsVisible = 0;
			defaultConfigurationName = Release;
		};
		091DA295280EA50800904475 /* Build configuration list for PBXNativeTarget "HDNetworkDemoUITests" */ = {
			isa = XCConfigurationList;
			buildConfigurations = (
				091DA296280EA50800904475 /* Debug */,
				091DA297280EA50800904475 /* Release */,
			);
			defaultConfigurationIsVisible = 0;
			defaultConfigurationName = Release;
		};
/* End XCConfigurationList section */
	};
	rootObject = 091DA258280EA4FB00904475 /* Project object */;
}
